// !$*UTF8*$!
{
	archiveVersion = 1;
	classes = {
	};
	objectVersion = 46;
	objects = {

/* Begin PBXBuildFile section */
		DC12B04C193775D0005FC984 /* TUHeroDetailController.m in Sources */ = {isa = PBXBuildFile; fileRef = DC12B04B193775D0005FC984 /* TUHeroDetailController.m */; };
		DC12B04E1937803A005FC984 /* HeroDetailConfiguration.plist in Resources */ = {isa = PBXBuildFile; fileRef = DC12B04D1937803A005FC984 /* HeroDetailConfiguration.plist */; };
		DC12B05119398A2A005FC984 /* TUSuperDBEditCell.m in Sources */ = {isa = PBXBuildFile; fileRef = DC12B05019398A2A005FC984 /* TUSuperDBEditCell.m */; };
		DC24FE29193226D700526327 /* Foundation.framework in Frameworks */ = {isa = PBXBuildFile; fileRef = DC24FE28193226D700526327 /* Foundation.framework */; };
		DC24FE2B193226D700526327 /* CoreGraphics.framework in Frameworks */ = {isa = PBXBuildFile; fileRef = DC24FE2A193226D700526327 /* CoreGraphics.framework */; };
		DC24FE2D193226D700526327 /* UIKit.framework in Frameworks */ = {isa = PBXBuildFile; fileRef = DC24FE2C193226D700526327 /* UIKit.framework */; };
		DC24FE2F193226D700526327 /* CoreData.framework in Frameworks */ = {isa = PBXBuildFile; fileRef = DC24FE2E193226D700526327 /* CoreData.framework */; };
		DC24FE35193226D700526327 /* InfoPlist.strings in Resources */ = {isa = PBXBuildFile; fileRef = DC24FE33193226D700526327 /* InfoPlist.strings */; };
		DC24FE37193226D700526327 /* main.m in Sources */ = {isa = PBXBuildFile; fileRef = DC24FE36193226D700526327 /* main.m */; };
		DC24FE3B193226D700526327 /* TUAppDelegate.m in Sources */ = {isa = PBXBuildFile; fileRef = DC24FE3A193226D700526327 /* TUAppDelegate.m */; };
		DC24FE3E193226D700526327 /* ExampleForCoreData.xcdatamodeld in Sources */ = {isa = PBXBuildFile; fileRef = DC24FE3C193226D700526327 /* ExampleForCoreData.xcdatamodeld */; };
		DC24FE40193226D700526327 /* Images.xcassets in Resources */ = {isa = PBXBuildFile; fileRef = DC24FE3F193226D700526327 /* Images.xcassets */; };
		DC24FE47193226D700526327 /* XCTest.framework in Frameworks */ = {isa = PBXBuildFile; fileRef = DC24FE46193226D700526327 /* XCTest.framework */; };
		DC24FE48193226D700526327 /* Foundation.framework in Frameworks */ = {isa = PBXBuildFile; fileRef = DC24FE28193226D700526327 /* Foundation.framework */; };
		DC24FE49193226D700526327 /* UIKit.framework in Frameworks */ = {isa = PBXBuildFile; fileRef = DC24FE2C193226D700526327 /* UIKit.framework */; };
		DC24FE4A193226D700526327 /* CoreData.framework in Frameworks */ = {isa = PBXBuildFile; fileRef = DC24FE2E193226D700526327 /* CoreData.framework */; };
		DC24FE52193226D800526327 /* InfoPlist.strings in Resources */ = {isa = PBXBuildFile; fileRef = DC24FE50193226D800526327 /* InfoPlist.strings */; };
		DC24FE54193226D800526327 /* ExampleForCoreDataTests.m in Sources */ = {isa = PBXBuildFile; fileRef = DC24FE53193226D800526327 /* ExampleForCoreDataTests.m */; };
		DC24FE5E1932280900526327 /* ExampleForCoreData.storyboard in Resources */ = {isa = PBXBuildFile; fileRef = DC24FE5D1932280900526327 /* ExampleForCoreData.storyboard */; };
		DC24FE621932309A00526327 /* name_icon.png in Resources */ = {isa = PBXBuildFile; fileRef = DC24FE601932309A00526327 /* name_icon.png */; };
		DC24FE631932309A00526327 /* secret_icon.png in Resources */ = {isa = PBXBuildFile; fileRef = DC24FE611932309A00526327 /* secret_icon.png */; };
		DC24FE661932334700526327 /* TUHeroListController.m in Sources */ = {isa = PBXBuildFile; fileRef = DC24FE651932334700526327 /* TUHeroListController.m */; };
		DC7721C1193C618F0036D4DC /* TUSuperDBCell.m in Sources */ = {isa = PBXBuildFile; fileRef = DC7721C0193C618F0036D4DC /* TUSuperDBCell.m */; };
		DC7721C4193C7AC10036D4DC /* TUColorPicker.m in Sources */ = {isa = PBXBuildFile; fileRef = DC7721C3193C7AC10036D4DC /* TUColorPicker.m */; };
		DC7721C7193C8C450036D4DC /* TUSuperDBColorCell.m in Sources */ = {isa = PBXBuildFile; fileRef = DC7721C6193C8C450036D4DC /* TUSuperDBColorCell.m */; };
		DC7721C9193CADB80036D4DC /* QuartzCore.framework in Frameworks */ = {isa = PBXBuildFile; fileRef = DC7721C8193CADB80036D4DC /* QuartzCore.framework */; };
		DC7C6D80193A165000B6166D /* TUSuperDBDateCell.m in Sources */ = {isa = PBXBuildFile; fileRef = DC7C6D7F193A165000B6166D /* TUSuperDBDateCell.m */; };
		DC7C6D83193AD78B00B6166D /* TUSuperDBPickerCell.m in Sources */ = {isa = PBXBuildFile; fileRef = DC7C6D82193AD78B00B6166D /* TUSuperDBPickerCell.m */; };
		DC7C6D87193B48FC00B6166D /* Hero.m in Sources */ = {isa = PBXBuildFile; fileRef = DC7C6D86193B48FC00B6166D /* Hero.m */; };
/* End PBXBuildFile section */

/* Begin PBXContainerItemProxy section */
		DC24FE4B193226D800526327 /* PBXContainerItemProxy */ = {
			isa = PBXContainerItemProxy;
			containerPortal = DC24FE1D193226D700526327 /* Project object */;
			proxyType = 1;
			remoteGlobalIDString = DC24FE24193226D700526327;
			remoteInfo = ExampleForCoreData;
		};
/* End PBXContainerItemProxy section */

/* Begin PBXFileReference section */
		DC12B04A193775D0005FC984 /* TUHeroDetailController.h */ = {isa = PBXFileReference; fileEncoding = 4; lastKnownFileType = sourcecode.c.h; path = TUHeroDetailController.h; sourceTree = "<group>"; };
		DC12B04B193775D0005FC984 /* TUHeroDetailController.m */ = {isa = PBXFileReference; fileEncoding = 4; lastKnownFileType = sourcecode.c.objc; path = TUHeroDetailController.m; sourceTree = "<group>"; };
		DC12B04D1937803A005FC984 /* HeroDetailConfiguration.plist */ = {isa = PBXFileReference; fileEncoding = 4; lastKnownFileType = text.plist.xml; path = HeroDetailConfiguration.plist; sourceTree = "<group>"; };
		DC12B04F19398A2A005FC984 /* TUSuperDBEditCell.h */ = {isa = PBXFileReference; fileEncoding = 4; lastKnownFileType = sourcecode.c.h; path = TUSuperDBEditCell.h; sourceTree = "<group>"; };
		DC12B05019398A2A005FC984 /* TUSuperDBEditCell.m */ = {isa = PBXFileReference; fileEncoding = 4; lastKnownFileType = sourcecode.c.objc; path = TUSuperDBEditCell.m; sourceTree = "<group>"; };
		DC24FE25193226D700526327 /* ExampleForCoreData.app */ = {isa = PBXFileReference; explicitFileType = wrapper.application; includeInIndex = 0; path = ExampleForCoreData.app; sourceTree = BUILT_PRODUCTS_DIR; };
		DC24FE28193226D700526327 /* Foundation.framework */ = {isa = PBXFileReference; lastKnownFileType = wrapper.framework; name = Foundation.framework; path = System/Library/Frameworks/Foundation.framework; sourceTree = SDKROOT; };
		DC24FE2A193226D700526327 /* CoreGraphics.framework */ = {isa = PBXFileReference; lastKnownFileType = wrapper.framework; name = CoreGraphics.framework; path = System/Library/Frameworks/CoreGraphics.framework; sourceTree = SDKROOT; };
		DC24FE2C193226D700526327 /* UIKit.framework */ = {isa = PBXFileReference; lastKnownFileType = wrapper.framework; name = UIKit.framework; path = System/Library/Frameworks/UIKit.framework; sourceTree = SDKROOT; };
		DC24FE2E193226D700526327 /* CoreData.framework */ = {isa = PBXFileReference; lastKnownFileType = wrapper.framework; name = CoreData.framework; path = System/Library/Frameworks/CoreData.framework; sourceTree = SDKROOT; };
		DC24FE32193226D700526327 /* ExampleForCoreData-Info.plist */ = {isa = PBXFileReference; lastKnownFileType = text.plist.xml; path = "ExampleForCoreData-Info.plist"; sourceTree = "<group>"; };
		DC24FE34193226D700526327 /* en */ = {isa = PBXFileReference; lastKnownFileType = text.plist.strings; name = en; path = en.lproj/InfoPlist.strings; sourceTree = "<group>"; };
		DC24FE36193226D700526327 /* main.m */ = {isa = PBXFileReference; lastKnownFileType = sourcecode.c.objc; path = main.m; sourceTree = "<group>"; };
		DC24FE38193226D700526327 /* ExampleForCoreData-Prefix.pch */ = {isa = PBXFileReference; lastKnownFileType = sourcecode.c.h; path = "ExampleForCoreData-Prefix.pch"; sourceTree = "<group>"; };
		DC24FE39193226D700526327 /* TUAppDelegate.h */ = {isa = PBXFileReference; lastKnownFileType = sourcecode.c.h; path = TUAppDelegate.h; sourceTree = "<group>"; };
		DC24FE3A193226D700526327 /* TUAppDelegate.m */ = {isa = PBXFileReference; lastKnownFileType = sourcecode.c.objc; path = TUAppDelegate.m; sourceTree = "<group>"; };
		DC24FE3D193226D700526327 /* ExampleForCoreData.xcdatamodel */ = {isa = PBXFileReference; lastKnownFileType = wrapper.xcdatamodel; path = ExampleForCoreData.xcdatamodel; sourceTree = "<group>"; };
		DC24FE3F193226D700526327 /* Images.xcassets */ = {isa = PBXFileReference; lastKnownFileType = folder.assetcatalog; name = Images.xcassets; path = ExampleForCoreData/Images.xcassets; sourceTree = "<group>"; };
		DC24FE45193226D700526327 /* ExampleForCoreDataTests.xctest */ = {isa = PBXFileReference; explicitFileType = wrapper.cfbundle; includeInIndex = 0; path = ExampleForCoreDataTests.xctest; sourceTree = BUILT_PRODUCTS_DIR; };
		DC24FE46193226D700526327 /* XCTest.framework */ = {isa = PBXFileReference; lastKnownFileType = wrapper.framework; name = XCTest.framework; path = Library/Frameworks/XCTest.framework; sourceTree = DEVELOPER_DIR; };
		DC24FE4F193226D800526327 /* ExampleForCoreDataTests-Info.plist */ = {isa = PBXFileReference; lastKnownFileType = text.plist.xml; path = "ExampleForCoreDataTests-Info.plist"; sourceTree = "<group>"; };
		DC24FE51193226D800526327 /* en */ = {isa = PBXFileReference; lastKnownFileType = text.plist.strings; name = en; path = en.lproj/InfoPlist.strings; sourceTree = "<group>"; };
		DC24FE53193226D800526327 /* ExampleForCoreDataTests.m */ = {isa = PBXFileReference; lastKnownFileType = sourcecode.c.objc; path = ExampleForCoreDataTests.m; sourceTree = "<group>"; };
		DC24FE5D1932280900526327 /* ExampleForCoreData.storyboard */ = {isa = PBXFileReference; fileEncoding = 4; lastKnownFileType = file.storyboard; path = ExampleForCoreData.storyboard; sourceTree = "<group>"; };
		DC24FE601932309A00526327 /* name_icon.png */ = {isa = PBXFileReference; lastKnownFileType = image.png; name = name_icon.png; path = Images/name_icon.png; sourceTree = "<group>"; };
		DC24FE611932309A00526327 /* secret_icon.png */ = {isa = PBXFileReference; lastKnownFileType = image.png; name = secret_icon.png; path = Images/secret_icon.png; sourceTree = "<group>"; };
		DC24FE641932334700526327 /* TUHeroListController.h */ = {isa = PBXFileReference; fileEncoding = 4; lastKnownFileType = sourcecode.c.h; path = TUHeroListController.h; sourceTree = "<group>"; };
		DC24FE651932334700526327 /* TUHeroListController.m */ = {isa = PBXFileReference; fileEncoding = 4; lastKnownFileType = sourcecode.c.objc; path = TUHeroListController.m; sourceTree = "<group>"; };
		DC7721BF193C618F0036D4DC /* TUSuperDBCell.h */ = {isa = PBXFileReference; fileEncoding = 4; indentWidth = 4; lastKnownFileType = sourcecode.c.h; path = TUSuperDBCell.h; sourceTree = "<group>"; tabWidth = 4; usesTabs = 0; wrapsLines = 1; };
		DC7721C0193C618F0036D4DC /* TUSuperDBCell.m */ = {isa = PBXFileReference; fileEncoding = 4; indentWidth = 4; lastKnownFileType = sourcecode.c.objc; path = TUSuperDBCell.m; sourceTree = "<group>"; tabWidth = 4; usesTabs = 0; wrapsLines = 1; };
		DC7721C2193C7AC10036D4DC /* TUColorPicker.h */ = {isa = PBXFileReference; fileEncoding = 4; lastKnownFileType = sourcecode.c.h; path = TUColorPicker.h; sourceTree = "<group>"; };
		DC7721C3193C7AC10036D4DC /* TUColorPicker.m */ = {isa = PBXFileReference; fileEncoding = 4; lastKnownFileType = sourcecode.c.objc; path = TUColorPicker.m; sourceTree = "<group>"; };
		DC7721C5193C8C450036D4DC /* TUSuperDBColorCell.h */ = {isa = PBXFileReference; fileEncoding = 4; lastKnownFileType = sourcecode.c.h; path = TUSuperDBColorCell.h; sourceTree = "<group>"; };
		DC7721C6193C8C450036D4DC /* TUSuperDBColorCell.m */ = {isa = PBXFileReference; fileEncoding = 4; lastKnownFileType = sourcecode.c.objc; path = TUSuperDBColorCell.m; sourceTree = "<group>"; };
		DC7721C8193CADB80036D4DC /* QuartzCore.framework */ = {isa = PBXFileReference; lastKnownFileType = wrapper.framework; name = QuartzCore.framework; path = System/Library/Frameworks/QuartzCore.framework; sourceTree = SDKROOT; };
		DC7C6D7E193A165000B6166D /* TUSuperDBDateCell.h */ = {isa = PBXFileReference; fileEncoding = 4; lastKnownFileType = sourcecode.c.h; path = TUSuperDBDateCell.h; sourceTree = "<group>"; };
		DC7C6D7F193A165000B6166D /* TUSuperDBDateCell.m */ = {isa = PBXFileReference; fileEncoding = 4; lastKnownFileType = sourcecode.c.objc; path = TUSuperDBDateCell.m; sourceTree = "<group>"; };
		DC7C6D81193AD78B00B6166D /* TUSuperDBPickerCell.h */ = {isa = PBXFileReference; fileEncoding = 4; lastKnownFileType = sourcecode.c.h; path = TUSuperDBPickerCell.h; sourceTree = "<group>"; };
		DC7C6D82193AD78B00B6166D /* TUSuperDBPickerCell.m */ = {isa = PBXFileReference; fileEncoding = 4; lastKnownFileType = sourcecode.c.objc; path = TUSuperDBPickerCell.m; sourceTree = "<group>"; };
		DC7C6D84193B35D600B6166D /* ExampleForCoreData 2.xcdatamodel */ = {isa = PBXFileReference; lastKnownFileType = wrapper.xcdatamodel; path = "ExampleForCoreData 2.xcdatamodel"; sourceTree = "<group>"; };
		DC7C6D85193B48FC00B6166D /* Hero.h */ = {isa = PBXFileReference; fileEncoding = 4; lastKnownFileType = sourcecode.c.h; path = Hero.h; sourceTree = "<group>"; };
		DC7C6D86193B48FC00B6166D /* Hero.m */ = {isa = PBXFileReference; fileEncoding = 4; lastKnownFileType = sourcecode.c.objc; path = Hero.m; sourceTree = "<group>"; };
/* End PBXFileReference section */

/* Begin PBXFrameworksBuildPhase section */
		DC24FE22193226D700526327 /* Frameworks */ = {
			isa = PBXFrameworksBuildPhase;
			buildActionMask = 2147483647;
			files = (
				DC7721C9193CADB80036D4DC /* QuartzCore.framework in Frameworks */,
				DC24FE2B193226D700526327 /* CoreGraphics.framework in Frameworks */,
				DC24FE2F193226D700526327 /* CoreData.framework in Frameworks */,
				DC24FE2D193226D700526327 /* UIKit.framework in Frameworks */,
				DC24FE29193226D700526327 /* Foundation.framework in Frameworks */,
			);
			runOnlyForDeploymentPostprocessing = 0;
		};
		DC24FE42193226D700526327 /* Frameworks */ = {
			isa = PBXFrameworksBuildPhase;
			buildActionMask = 2147483647;
			files = (
				DC24FE47193226D700526327 /* XCTest.framework in Frameworks */,
				DC24FE4A193226D700526327 /* CoreData.framework in Frameworks */,
				DC24FE49193226D700526327 /* UIKit.framework in Frameworks */,
				DC24FE48193226D700526327 /* Foundation.framework in Frameworks */,
			);
			runOnlyForDeploymentPostprocessing = 0;
		};
/* End PBXFrameworksBuildPhase section */

/* Begin PBXGroup section */
		DC24FE1C193226D700526327 = {
			isa = PBXGroup;
			children = (
				DC24FE30193226D700526327 /* ExampleForCoreData */,
				DC24FE3F193226D700526327 /* Images.xcassets */,
				DC24FE5F1932307500526327 /* Images */,
				DC24FE31193226D700526327 /* Supporting Files */,
				DC24FE4D193226D800526327 /* ExampleForCoreDataTests */,
				DC24FE27193226D700526327 /* Frameworks */,
				DC24FE26193226D700526327 /* Products */,
			);
			sourceTree = "<group>";
		};
		DC24FE26193226D700526327 /* Products */ = {
			isa = PBXGroup;
			children = (
				DC24FE25193226D700526327 /* ExampleForCoreData.app */,
				DC24FE45193226D700526327 /* ExampleForCoreDataTests.xctest */,
			);
			name = Products;
			sourceTree = "<group>";
		};
		DC24FE27193226D700526327 /* Frameworks */ = {
			isa = PBXGroup;
			children = (
				DC7721C8193CADB80036D4DC /* QuartzCore.framework */,
				DC24FE28193226D700526327 /* Foundation.framework */,
				DC24FE2A193226D700526327 /* CoreGraphics.framework */,
				DC24FE2C193226D700526327 /* UIKit.framework */,
				DC24FE2E193226D700526327 /* CoreData.framework */,
				DC24FE46193226D700526327 /* XCTest.framework */,
			);
			name = Frameworks;
			sourceTree = "<group>";
		};
		DC24FE30193226D700526327 /* ExampleForCoreData */ = {
			isa = PBXGroup;
			children = (
				DC24FE39193226D700526327 /* TUAppDelegate.h */,
				DC24FE3A193226D700526327 /* TUAppDelegate.m */,
				DC24FE5D1932280900526327 /* ExampleForCoreData.storyboard */,
				DC24FE641932334700526327 /* TUHeroListController.h */,
				DC24FE651932334700526327 /* TUHeroListController.m */,
				DC12B04A193775D0005FC984 /* TUHeroDetailController.h */,
				DC12B04B193775D0005FC984 /* TUHeroDetailController.m */,
				DC7721BF193C618F0036D4DC /* TUSuperDBCell.h */,
				DC7721C0193C618F0036D4DC /* TUSuperDBCell.m */,
				DC12B04F19398A2A005FC984 /* TUSuperDBEditCell.h */,
				DC12B05019398A2A005FC984 /* TUSuperDBEditCell.m */,
				DC7C6D7E193A165000B6166D /* TUSuperDBDateCell.h */,
				DC7C6D7F193A165000B6166D /* TUSuperDBDateCell.m */,
				DC7C6D81193AD78B00B6166D /* TUSuperDBPickerCell.h */,
				DC7C6D82193AD78B00B6166D /* TUSuperDBPickerCell.m */,
				DC7721C2193C7AC10036D4DC /* TUColorPicker.h */,
				DC7721C3193C7AC10036D4DC /* TUColorPicker.m */,
				DC7721C5193C8C450036D4DC /* TUSuperDBColorCell.h */,
				DC7721C6193C8C450036D4DC /* TUSuperDBColorCell.m */,
				DC24FE3C193226D700526327 /* ExampleForCoreData.xcdatamodeld */,
				DC7C6D85193B48FC00B6166D /* Hero.h */,
				DC7C6D86193B48FC00B6166D /* Hero.m */,
			);
			path = ExampleForCoreData;
			sourceTree = "<group>";
		};
		DC24FE31193226D700526327 /* Supporting Files */ = {
			isa = PBXGroup;
			children = (
				DC24FE32193226D700526327 /* ExampleForCoreData-Info.plist */,
				DC24FE33193226D700526327 /* InfoPlist.strings */,
				DC24FE36193226D700526327 /* main.m */,
				DC24FE38193226D700526327 /* ExampleForCoreData-Prefix.pch */,
				DC12B04D1937803A005FC984 /* HeroDetailConfiguration.plist */,
			);
			name = "Supporting Files";
			path = ExampleForCoreData;
			sourceTree = "<group>";
		};
		DC24FE4D193226D800526327 /* ExampleForCoreDataTests */ = {
			isa = PBXGroup;
			children = (
				DC24FE53193226D800526327 /* ExampleForCoreDataTests.m */,
				DC24FE4E193226D800526327 /* Supporting Files */,
			);
			path = ExampleForCoreDataTests;
			sourceTree = "<group>";
		};
		DC24FE4E193226D800526327 /* Supporting Files */ = {
			isa = PBXGroup;
			children = (
				DC24FE4F193226D800526327 /* ExampleForCoreDataTests-Info.plist */,
				DC24FE50193226D800526327 /* InfoPlist.strings */,
			);
			name = "Supporting Files";
			sourceTree = "<group>";
		};
		DC24FE5F1932307500526327 /* Images */ = {
			isa = PBXGroup;
			children = (
				DC24FE601932309A00526327 /* name_icon.png */,
				DC24FE611932309A00526327 /* secret_icon.png */,
			);
			name = Images;
			path = ExampleForCoreData;
			sourceTree = "<group>";
		};
/* End PBXGroup section */

/* Begin PBXNativeTarget section */
		DC24FE24193226D700526327 /* ExampleForCoreData */ = {
			isa = PBXNativeTarget;
			buildConfigurationList = DC24FE57193226D800526327 /* Build configuration list for PBXNativeTarget "ExampleForCoreData" */;
			buildPhases = (
				DC24FE21193226D700526327 /* Sources */,
				DC24FE22193226D700526327 /* Frameworks */,
				DC24FE23193226D700526327 /* Resources */,
			);
			buildRules = (
			);
			dependencies = (
			);
			name = ExampleForCoreData;
			productName = ExampleForCoreData;
			productReference = DC24FE25193226D700526327 /* ExampleForCoreData.app */;
			productType = "com.apple.product-type.application";
		};
		DC24FE44193226D700526327 /* ExampleForCoreDataTests */ = {
			isa = PBXNativeTarget;
			buildConfigurationList = DC24FE5A193226D800526327 /* Build configuration list for PBXNativeTarget "ExampleForCoreDataTests" */;
			buildPhases = (
				DC24FE41193226D700526327 /* Sources */,
				DC24FE42193226D700526327 /* Frameworks */,
				DC24FE43193226D700526327 /* Resources */,
			);
			buildRules = (
			);
			dependencies = (
				DC24FE4C193226D800526327 /* PBXTargetDependency */,
			);
			name = ExampleForCoreDataTests;
			productName = ExampleForCoreDataTests;
			productReference = DC24FE45193226D700526327 /* ExampleForCoreDataTests.xctest */;
			productType = "com.apple.product-type.bundle.unit-test";
		};
/* End PBXNativeTarget section */

/* Begin PBXProject section */
		DC24FE1D193226D700526327 /* Project object */ = {
			isa = PBXProject;
			attributes = {
				CLASSPREFIX = TU;
				LastUpgradeCheck = 0510;
				ORGANIZATIONNAME = "李昕宇@天津大学";
				TargetAttributes = {
					DC24FE44193226D700526327 = {
						TestTargetID = DC24FE24193226D700526327;
					};
				};
			};
			buildConfigurationList = DC24FE20193226D700526327 /* Build configuration list for PBXProject "ExampleForCoreData" */;
			compatibilityVersion = "Xcode 3.2";
			developmentRegion = English;
			hasScannedForEncodings = 0;
			knownRegions = (
				en,
			);
			mainGroup = DC24FE1C193226D700526327;
			productRefGroup = DC24FE26193226D700526327 /* Products */;
			projectDirPath = "";
			projectRoot = "";
			targets = (
				DC24FE24193226D700526327 /* ExampleForCoreData */,
				DC24FE44193226D700526327 /* ExampleForCoreDataTests */,
			);
		};
/* End PBXProject section */

/* Begin PBXResourcesBuildPhase section */
		DC24FE23193226D700526327 /* Resources */ = {
			isa = PBXResourcesBuildPhase;
			buildActionMask = 2147483647;
			files = (
				DC24FE35193226D700526327 /* InfoPlist.strings in Resources */,
				DC24FE631932309A00526327 /* secret_icon.png in Resources */,
				DC24FE621932309A00526327 /* name_icon.png in Resources */,
				DC24FE5E1932280900526327 /* ExampleForCoreData.storyboard in Resources */,
				DC12B04E1937803A005FC984 /* HeroDetailConfiguration.plist in Resources */,
				DC24FE40193226D700526327 /* Images.xcassets in Resources */,
			);
			runOnlyForDeploymentPostprocessing = 0;
		};
		DC24FE43193226D700526327 /* Resources */ = {
			isa = PBXResourcesBuildPhase;
			buildActionMask = 2147483647;
			files = (
				DC24FE52193226D800526327 /* InfoPlist.strings in Resources */,
			);
			runOnlyForDeploymentPostprocessing = 0;
		};
/* End PBXResourcesBuildPhase section */

/* Begin PBXSourcesBuildPhase section */
		DC24FE21193226D700526327 /* Sources */ = {
			isa = PBXSourcesBuildPhase;
			buildActionMask = 2147483647;
			files = (
				DC7721C7193C8C450036D4DC /* TUSuperDBColorCell.m in Sources */,
				DC24FE661932334700526327 /* TUHeroListController.m in Sources */,
				DC7721C4193C7AC10036D4DC /* TUColorPicker.m in Sources */,
				DC24FE37193226D700526327 /* main.m in Sources */,
				DC7C6D80193A165000B6166D /* TUSuperDBDateCell.m in Sources */,
				DC12B05119398A2A005FC984 /* TUSuperDBEditCell.m in Sources */,
				DC7C6D87193B48FC00B6166D /* Hero.m in Sources */,
				DC7C6D83193AD78B00B6166D /* TUSuperDBPickerCell.m in Sources */,
				DC7721C1193C618F0036D4DC /* TUSuperDBCell.m in Sources */,
				DC24FE3B193226D700526327 /* TUAppDelegate.m in Sources */,
				DC24FE3E193226D700526327 /* ExampleForCoreData.xcdatamodeld in Sources */,
				DC12B04C193775D0005FC984 /* TUHeroDetailController.m in Sources */,
			);
			runOnlyForDeploymentPostprocessing = 0;
		};
		DC24FE41193226D700526327 /* Sources */ = {
			isa = PBXSourcesBuildPhase;
			buildActionMask = 2147483647;
			files = (
				DC24FE54193226D800526327 /* ExampleForCoreDataTests.m in Sources */,
			);
			runOnlyForDeploymentPostprocessing = 0;
		};
/* End PBXSourcesBuildPhase section */

/* Begin PBXTargetDependency section */
		DC24FE4C193226D800526327 /* PBXTargetDependency */ = {
			isa = PBXTargetDependency;
			target = DC24FE24193226D700526327 /* ExampleForCoreData */;
			targetProxy = DC24FE4B193226D800526327 /* PBXContainerItemProxy */;
		};
/* End PBXTargetDependency section */

/* Begin PBXVariantGroup section */
		DC24FE33193226D700526327 /* InfoPlist.strings */ = {
			isa = PBXVariantGroup;
			children = (
				DC24FE34193226D700526327 /* en */,
			);
			name = InfoPlist.strings;
			sourceTree = "<group>";
		};
		DC24FE50193226D800526327 /* InfoPlist.strings */ = {
			isa = PBXVariantGroup;
			children = (
				DC24FE51193226D800526327 /* en */,
			);
			name = InfoPlist.strings;
			sourceTree = "<group>";
		};
/* End PBXVariantGroup section */

/* Begin XCBuildConfiguration section */
		DC24FE55193226D800526327 /* Debug */ = {
			isa = XCBuildConfiguration;
			buildSettings = {
				ALWAYS_SEARCH_USER_PATHS = NO;
				CLANG_CXX_LANGUAGE_STANDARD = "gnu++0x";
				CLANG_CXX_LIBRARY = "libc++";
				CLANG_ENABLE_MODULES = YES;
				CLANG_ENABLE_OBJC_ARC = YES;
				CLANG_WARN_BOOL_CONVERSION = YES;
				CLANG_WARN_CONSTANT_CONVERSION = YES;
				CLANG_WARN_DIRECT_OBJC_ISA_USAGE = YES_ERROR;
				CLANG_WARN_EMPTY_BODY = YES;
				CLANG_WARN_ENUM_CONVERSION = YES;
				CLANG_WARN_INT_CONVERSION = YES;
				CLANG_WARN_OBJC_ROOT_CLASS = YES_ERROR;
				CLANG_WARN__DUPLICATE_METHOD_MATCH = YES;
				"CODE_SIGN_IDENTITY[sdk=iphoneos*]" = "iPhone Developer";
				COPY_PHASE_STRIP = NO;
				GCC_C_LANGUAGE_STANDARD = gnu99;
				GCC_DYNAMIC_NO_PIC = NO;
				GCC_OPTIMIZATION_LEVEL = 0;
				GCC_PREPROCESSOR_DEFINITIONS = (
					"DEBUG=1",
					"$(inherited)",
				);
				GCC_SYMBOLS_PRIVATE_EXTERN = NO;
				GCC_WARN_64_TO_32_BIT_CONVERSION = YES;
				GCC_WARN_ABOUT_RETURN_TYPE = YES_ERROR;
				GCC_WARN_UNDECLARED_SELECTOR = YES;
				GCC_WARN_UNINITIALIZED_AUTOS = YES_AGGRESSIVE;
				GCC_WARN_UNUSED_FUNCTION = YES;
				GCC_WARN_UNUSED_VARIABLE = YES;
				IPHONEOS_DEPLOYMENT_TARGET = 7.1;
				ONLY_ACTIVE_ARCH = YES;
				SDKROOT = iphoneos;
			};
			name = Debug;
		};
		DC24FE56193226D800526327 /* Release */ = {
			isa = XCBuildConfiguration;
			buildSettings = {
				ALWAYS_SEARCH_USER_PATHS = NO;
				CLANG_CXX_LANGUAGE_STANDARD = "gnu++0x";
				CLANG_CXX_LIBRARY = "libc++";
				CLANG_ENABLE_MODULES = YES;
				CLANG_ENABLE_OBJC_ARC = YES;
				CLANG_WARN_BOOL_CONVERSION = YES;
				CLANG_WARN_CONSTANT_CONVERSION = YES;
				CLANG_WARN_DIRECT_OBJC_ISA_USAGE = YES_ERROR;
				CLANG_WARN_EMPTY_BODY = YES;
				CLANG_WARN_ENUM_CONVERSION = YES;
				CLANG_WARN_INT_CONVERSION = YES;
				CLANG_WARN_OBJC_ROOT_CLASS = YES_ERROR;
				CLANG_WARN__DUPLICATE_METHOD_MATCH = YES;
				"CODE_SIGN_IDENTITY[sdk=iphoneos*]" = "iPhone Developer";
				COPY_PHASE_STRIP = YES;
				ENABLE_NS_ASSERTIONS = NO;
				GCC_C_LANGUAGE_STANDARD = gnu99;
				GCC_WARN_64_TO_32_BIT_CONVERSION = YES;
				GCC_WARN_ABOUT_RETURN_TYPE = YES_ERROR;
				GCC_WARN_UNDECLARED_SELECTOR = YES;
				GCC_WARN_UNINITIALIZED_AUTOS = YES_AGGRESSIVE;
				GCC_WARN_UNUSED_FUNCTION = YES;
				GCC_WARN_UNUSED_VARIABLE = YES;
				IPHONEOS_DEPLOYMENT_TARGET = 7.1;
				SDKROOT = iphoneos;
				VALIDATE_PRODUCT = YES;
			};
			name = Release;
		};
		DC24FE58193226D800526327 /* Debug */ = {
			isa = XCBuildConfiguration;
			buildSettings = {
				ASSETCATALOG_COMPILER_APPICON_NAME = AppIcon;
				ASSETCATALOG_COMPILER_LAUNCHIMAGE_NAME = LaunchImage;
				GCC_PRECOMPILE_PREFIX_HEADER = YES;
				GCC_PREFIX_HEADER = "ExampleForCoreData/ExampleForCoreData-Prefix.pch";
				INFOPLIST_FILE = "ExampleForCoreData/ExampleForCoreData-Info.plist";
				IPHONEOS_DEPLOYMENT_TARGET = 6.1;
				PRODUCT_NAME = "$(TARGET_NAME)";
				WRAPPER_EXTENSION = app;
			};
			name = Debug;
		};
		DC24FE59193226D800526327 /* Release */ = {
			isa = XCBuildConfiguration;
			buildSettings = {
				ASSETCATALOG_COMPILER_APPICON_NAME = AppIcon;
				ASSETCATALOG_COMPILER_LAUNCHIMAGE_NAME = LaunchImage;
				GCC_PRECOMPILE_PREFIX_HEADER = YES;
				GCC_PREFIX_HEADER = "ExampleForCoreData/ExampleForCoreData-Prefix.pch";
				INFOPLIST_FILE = "ExampleForCoreData/ExampleForCoreData-Info.plist";
				IPHONEOS_DEPLOYMENT_TARGET = 6.1;
				PRODUCT_NAME = "$(TARGET_NAME)";
				WRAPPER_EXTENSION = app;
			};
			name = Release;
		};
		DC24FE5B193226D800526327 /* Debug */ = {
			isa = XCBuildConfiguration;
			buildSettings = {
				BUNDLE_LOADER = "$(BUILT_PRODUCTS_DIR)/ExampleForCoreData.app/ExampleForCoreData";
				FRAMEWORK_SEARCH_PATHS = (
					"$(SDKROOT)/Developer/Library/Frameworks",
					"$(inherited)",
					"$(DEVELOPER_FRAMEWORKS_DIR)",
				);
				GCC_PRECOMPILE_PREFIX_HEADER = YES;
				GCC_PREFIX_HEADER = "ExampleForCoreData/ExampleForCoreData-Prefix.pch";
				GCC_PREPROCESSOR_DEFINITIONS = (
					"DEBUG=1",
					"$(inherited)",
				);
				INFOPLIST_FILE = "ExampleForCoreDataTests/ExampleForCoreDataTests-Info.plist";
				PRODUCT_NAME = "$(TARGET_NAME)";
				TEST_HOST = "$(BUNDLE_LOADER)";
				WRAPPER_EXTENSION = xctest;
			};
			name = Debug;
		};
		DC24FE5C193226D800526327 /* Release */ = {
			isa = XCBuildConfiguration;
			buildSettings = {
				BUNDLE_LOADER = "$(BUILT_PRODUCTS_DIR)/ExampleForCoreData.app/ExampleForCoreData";
				FRAMEWORK_SEARCH_PATHS = (
					"$(SDKROOT)/Developer/Library/Frameworks",
					"$(inherited)",
					"$(DEVELOPER_FRAMEWORKS_DIR)",
				);
				GCC_PRECOMPILE_PREFIX_HEADER = YES;
				GCC_PREFIX_HEADER = "ExampleForCoreData/ExampleForCoreData-Prefix.pch";
				INFOPLIST_FILE = "ExampleForCoreDataTests/ExampleForCoreDataTests-Info.plist";
				PRODUCT_NAME = "$(TARGET_NAME)";
				TEST_HOST = "$(BUNDLE_LOADER)";
				WRAPPER_EXTENSION = xctest;
			};
			name = Release;
		};
/* End XCBuildConfiguration section */

/* Begin XCConfigurationList section */
		DC24FE20193226D700526327 /* Build configuration list for PBXProject "ExampleForCoreData" */ = {
			isa = XCConfigurationList;
			buildConfigurations = (
				DC24FE55193226D800526327 /* Debug */,
				DC24FE56193226D800526327 /* Release */,
			);
			defaultConfigurationIsVisible = 0;
			defaultConfigurationName = Release;
		};
		DC24FE57193226D800526327 /* Build configuration list for PBXNativeTarget "ExampleForCoreData" */ = {
			isa = XCConfigurationList;
			buildConfigurations = (
				DC24FE58193226D800526327 /* Debug */,
				DC24FE59193226D800526327 /* Release */,
			);
			defaultConfigurationIsVisible = 0;
			defaultConfigurationName = Release;
		};
		DC24FE5A193226D800526327 /* Build configuration list for PBXNativeTarget "ExampleForCoreDataTests" */ = {
			isa = XCConfigurationList;
			buildConfigurations = (
				DC24FE5B193226D800526327 /* Debug */,
				DC24FE5C193226D800526327 /* Release */,
			);
			defaultConfigurationIsVisible = 0;
			defaultConfigurationName = Release;
		};
/* End XCConfigurationList section */

/* Begin XCVersionGroup section */
		DC24FE3C193226D700526327 /* ExampleForCoreData.xcdatamodeld */ = {
			isa = XCVersionGroup;
			children = (
				DC7C6D84193B35D600B6166D /* ExampleForCoreData 2.xcdatamodel */,
				DC24FE3D193226D700526327 /* ExampleForCoreData.xcdatamodel */,
			);
			currentVersion = DC24FE3D193226D700526327 /* ExampleForCoreData.xcdatamodel */;
			path = ExampleForCoreData.xcdatamodeld;
			sourceTree = "<group>";
			versionGroupType = wrapper.xcdatamodel;
		};
/* End XCVersionGroup section */
	};
	rootObject = DC24FE1D193226D700526327 /* Project object */;
}
